
Microsoft Visual Studio Solution File, Format Version 12.00
# Visual Studio Version 16
VisualStudioVersion = 16.0.31829.152
MinimumVisualStudioVersion = 10.0.40219.1
Project("{FAE04EC0-301F-11D3-BF4B-00C04F79EFBC}") = "Orion 2.0 New Design", "Orion 2.0 New Design\Orion 2.0 New Design.csproj", "{8036684B-41F3-40FA-990B-5FADBBC9728E}"
EndProject
Global
	GlobalSection(SolutionConfigurationPlatforms) = preSolution
		Debug|Any CPU = Debug|Any CPU
		Release|Any CPU = Release|Any CPU
	EndGlobalSection
	GlobalSection(ProjectConfigurationPlatforms) = postSolution
		{8036684B-41F3-40FA-990B-5FADBBC9728E}.Debug|Any CPU.ActiveCfg = Debug|Any CPU
		{8036684B-41F3-40FA-990B-5FADBBC9728E}.Debug|Any CPU.Build.0 = Debug|Any CPU
		{8036684B-41F3-40FA-990B-5FADBBC9728E}.Release|Any CPU.ActiveCfg = Release|Any CPU
		{8036684B-41F3-40FA-990B-5FADBBC9728E}.Release|Any CPU.Build.0 = Release|Any CPU
	EndGlobalSection
	GlobalSection(SolutionProperties) = preSolution
		HideSolutionNode = FALSE
	EndGlobalSection
	GlobalSection(ExtensibilityGlobals) = postSolution
		SolutionGuid = {39BBCC4D-4CD2-44A8-BEB5-2EEF2A8837E8}
	EndGlobalSection
EndGlobal
